{
  "models": {
    "embedder": {
      "files": {
        "1_Pooling/config.json": "d1caf60c96f5fba2157c0c26b76d80818fad6cf0b8eb5e73ec372ff9818eba5c",
        "config.json": "094f8e891b932f2000c92cfc663bac4c62069f5d8af5b5278c4306aef3084750",
        "config_sentence_transformers.json": "940d5f50db195fa6e5e6a4f122c095f77880de259d74b14a65779ed48bdd7c56",
        "model.safetensors": "3c9f31665447c8911517620762200d2245a2518d6e7208acc78cd9db317e21ad",
        "modules.json": "84e40c8e006c9b1d6c122e02cba9b02458120b5fb0c87b746c41e0207cf642cf",
        "sentence_bert_config.json": "84e39fda68ccbff05bfa723ae9c0e70e23e2ec373b76e0f8c6e71af72a693cbf",
        "special_tokens_map.json": "b6d346be366a7d1d48332dbc9fdf3bf8960b5d879522b7799ddba59e76237ee3",
        "tokenizer.json": "d241a60d5e8f04cc1b2b3e9ef7a4921b27bf526d9f6050ab90f9267a1f9e5c66",
        "tokenizer_config.json": "9261e7d79b44c8195c1cada2b453e55b00aeb81e907a6664974b4d7776172ab3",
        "vocab.txt": "07eced375cec144d27c900241f3e339478dec958f92fddbc551f295c992038a3"
      },
      "repo": "BAAI/bge-small-en-v1.5",
      "revision": "5c38ec7c405ec4b44b94cc5a9bb96e735b38267a"
    },
    "reranker": {
      "files": {
        "config.json": "380e02c93f431831be65d99a4e7e5f67c133985bf2e77d9d4eba46847190bacc",
        "model.safetensors": "821d1aa69520101d6e0737f78a042ae25b19e5cb9160701909d10434f4aeb0ae",
        "special_tokens_map.json": "3c3507f36dff57bce437223db3b3081d1e2b52ec3e56ee55438193ecb2c94dd6",
        "tokenizer.json": "d241a60d5e8f04cc1b2b3e9ef7a4921b27bf526d9f6050ab90f9267a1f9e5c66",
        "tokenizer_config.json": "a5c2e5a7b1a29a0702cd28c08a399b5ecc110c263009d17f7e3b415f25905fd8",
        "vocab.txt": "07eced375cec144d27c900241f3e339478dec958f92fddbc551f295c992038a3"
      },
      "repo": "cross-encoder/ms-marco-MiniLM-L-6-v2",
      "revision": "233902d25c440f23af6f7d6e94d2946bac0bee0a"
    },
    "sentiment": {
      "files": {
        "config.json": "d2fba19997da698157196ba16f5fcb30a97a7551cef6845a0f3d743ee19c6129",
        "merges.txt": "1ce1664773c50f3e0cc8842619a93edc4624525b728b188a9e0be33b7726adc5",
        "pytorch_model.bin": "4d24a3e32a88ed1c4e5b789fc6644e2e767500554e954b27dccf52a8e762cbae",
        "special_tokens_map.json": "378eb3bf733eb16e65792d7e3fda5b8a4631387ca04d2015199c4d4f22ae554d",
        "vocab.json": "06b4d46c8e752d410213d9548eb27a54db70fda0319b6271fb8d59dead5e1cab"
      },
      "repo": "cardiffnlp/twitter-roberta-base-sentiment-latest",
      "revision": "3216a57f2a0d9c45a2e6c20157c20c49fb4bf9c7"
    }
  }
}
